%{"arc": {:hex, :arc, "0.8.0", "bb7cf8ea50f30f9c2bb357270c074def42a7ec6a3b4605be731cc5faf8fde6fd", [:mix], [{:ex_aws, "~> 1.1", [hex: :ex_aws, repo: "hexpm", optional: true]}, {:httpoison, "~> 0.11", [hex: :httpoison, repo: "hexpm", optional: false]}, {:poison, "~> 2.2 or ~> 3.1", [hex: :poison, repo: "hexpm", optional: true]}, {:sweet_xml, "~> 0.6", [hex: :sweet_xml, repo: "hexpm", optional: true]}], "hexpm"},
  "certifi": {:hex, :certifi, "1.1.0", "c9b71a547016c2528a590ccfc28de786c7edb74aafa17446b84f54e04efc00ee", [:rebar3], [], "hexpm"},
  "earmark": {:hex, :earmark, "1.2.2", "f718159d6b65068e8daeef709ccddae5f7fdc770707d82e7d126f584cd925b74", [:mix], [], "hexpm"},
  "ex_doc": {:hex, :ex_doc, "0.15.1", "d5f9d588fd802152516fccfdb96d6073753f77314fcfee892b15b6724ca0d596", [:mix], [{:earmark, "~> 1.1", [hex: :earmark, repo: "hexpm", optional: false]}], "hexpm"},
  "excoveralls": {:hex, :excoveralls, "0.6.3", "894bf9254890a4aac1d1165da08145a72700ff42d8cb6ce8195a584cb2a4b374", [:mix], [{:exjsx, "~> 3.0", [hex: :exjsx, repo: "hexpm", optional: false]}, {:hackney, ">= 0.12.0", [hex: :hackney, repo: "hexpm", optional: false]}], "hexpm"},
  "exjsx": {:hex, :exjsx, "3.2.1", "1bc5bf1e4fd249104178f0885030bcd75a4526f4d2a1e976f4b428d347614f0f", [:mix], [{:jsx, "~> 2.8.0", [hex: :jsx, repo: "hexpm", optional: false]}], "hexpm"},
  "goth": {:hex, :goth, "0.4.0", "e318049fe3697102c703d712fd0ae7632080c3d068316c1d5ee08b07de360fe2", [:mix], [{:httpoison, "~> 0.11", [hex: :httpoison, repo: "hexpm", optional: false]}, {:json_web_token, "~> 0.2.5", [hex: :json_web_token, repo: "hexpm", optional: false]}, {:poison, "~> 2.1 or ~> 3.0", [hex: :poison, repo: "hexpm", optional: false]}], "hexpm"},
  "hackney": {:hex, :hackney, "1.8.0", "8388a22f4e7eb04d171f2cf0285b217410f266d6c13a4c397a6c22ab823a486c", [:rebar3], [{:certifi, "1.1.0", [hex: :certifi, repo: "hexpm", optional: false]}, {:idna, "4.0.0", [hex: :idna, repo: "hexpm", optional: false]}, {:metrics, "1.0.1", [hex: :metrics, repo: "hexpm", optional: false]}, {:mimerl, "1.0.2", [hex: :mimerl, repo: "hexpm", optional: false]}, {:ssl_verify_fun, "1.1.1", [hex: :ssl_verify_fun, repo: "hexpm", optional: false]}], "hexpm"},
  "httpoison": {:hex, :httpoison, "0.11.2", "9e59f17a473ef6948f63c51db07320477bad8ba88cf1df60a3eee01150306665", [:mix], [{:hackney, "~> 1.8.0", [hex: :hackney, repo: "hexpm", optional: false]}], "hexpm"},
  "idna": {:hex, :idna, "4.0.0", "10aaa9f79d0b12cf0def53038547855b91144f1bfcc0ec73494f38bb7b9c4961", [:rebar3], [], "hexpm"},
  "json_web_token": {:hex, :json_web_token, "0.2.8", "c79d4c36cfd6f205be7099713e67d6057bde64ee9c64363f9001e3de86de703c", [:mix], [{:poison, "~> 3.1", [hex: :poison, repo: "hexpm", optional: false]}], "hexpm"},
  "jsx": {:hex, :jsx, "2.8.2", "7acc7d785b5abe8a6e9adbde926a24e481f29956dd8b4df49e3e4e7bcc92a018", [:mix, :rebar3], [], "hexpm"},
  "metrics": {:hex, :metrics, "1.0.1", "25f094dea2cda98213cecc3aeff09e940299d950904393b2a29d191c346a8486", [:rebar3], [], "hexpm"},
  "mimerl": {:hex, :mimerl, "1.0.2", "993f9b0e084083405ed8252b99460c4f0563e41729ab42d9074fd5e52439be88", [:rebar3], [], "hexpm"},
  "poison": {:hex, :poison, "3.1.0", "d9eb636610e096f86f25d9a46f35a9facac35609a7591b3be3326e99a0484665", [:mix], [], "hexpm"},
  "ssl_verify_fun": {:hex, :ssl_verify_fun, "1.1.1", "28a4d65b7f59893bc2c7de786dec1e1555bd742d336043fe644ae956c3497fbe", [:make, :rebar], [], "hexpm"},
  "sweet_xml": {:hex, :sweet_xml, "0.6.5", "dd9cde443212b505d1b5f9758feb2000e66a14d3c449f04c572f3048c66e6697", [:mix], [], "hexpm"}}
